
Microsoft Visual Studio Solution File, Format Version 12.00
# Visual Studio 15
VisualStudioVersion = 15.0.28307.1022
MinimumVisualStudioVersion = 10.0.40219.1
Project("{FAE04EC0-301F-11D3-BF4B-00C04F79EFBC}") = "excel_MergePro", "excel_MergePro\excel_MergePro.csproj", "{BB09B35E-00EF-43D5-BDAE-FA93A6536E0F}"
EndProject
Project("{FAE04EC0-301F-11D3-BF4B-00C04F79EFBC}") = "CommonCode", "CommonCode\CommonCode.csproj", "{87DD331A-758D-4190-8FFB-CEEDF43FD299}"
EndProject
Global
	GlobalSection(SolutionConfigurationPlatforms) = preSolution
		Debug|Any CPU = Debug|Any CPU
		Release|Any CPU = Release|Any CPU
	EndGlobalSection
	GlobalSection(ProjectConfigurationPlatforms) = postSolution
		{BB09B35E-00EF-43D5-BDAE-FA93A6536E0F}.Debug|Any CPU.ActiveCfg = Debug|Any CPU
		{BB09B35E-00EF-43D5-BDAE-FA93A6536E0F}.Debug|Any CPU.Build.0 = Debug|Any CPU
		{BB09B35E-00EF-43D5-BDAE-FA93A6536E0F}.Release|Any CPU.ActiveCfg = Release|Any CPU
		{BB09B35E-00EF-43D5-BDAE-FA93A6536E0F}.Release|Any CPU.Build.0 = Release|Any CPU
		{87DD331A-758D-4190-8FFB-CEEDF43FD299}.Debug|Any CPU.ActiveCfg = Debug|Any CPU
		{87DD331A-758D-4190-8FFB-CEEDF43FD299}.Debug|Any CPU.Build.0 = Debug|Any CPU
		{87DD331A-758D-4190-8FFB-CEEDF43FD299}.Release|Any CPU.ActiveCfg = Release|Any CPU
		{87DD331A-758D-4190-8FFB-CEEDF43FD299}.Release|Any CPU.Build.0 = Release|Any CPU
	EndGlobalSection
	GlobalSection(SolutionProperties) = preSolution
		HideSolutionNode = FALSE
	EndGlobalSection
	GlobalSection(ExtensibilityGlobals) = postSolution
		SolutionGuid = {8A5317F6-1DE7-4516-A1AD-1330BB3C4DDF}
	EndGlobalSection
EndGlobal
